// !$*UTF8*$!
{
	archiveVersion = 1;
	classes = {
	};
	objectVersion = 55;
	objects = {

/* Begin PBXBuildFile section */
		28B4DB5228AFCBF600EB895C /* ContactListViewController.swift in Sources */ = {isa = PBXBuildFile; fileRef = 28B4DB5128AFCBF600EB895C /* ContactListViewController.swift */; };
		28B4DB5528AFD45E00EB895C /* Main.storyboard in Resources */ = {isa = PBXBuildFile; fileRef = 28B4DB5328AFD45E00EB895C /* Main.storyboard */; };
		28F250FC28AE94F3001802F6 /* AppDelegate.swift in Sources */ = {isa = PBXBuildFile; fileRef = 28F250FB28AE94F3001802F6 /* AppDelegate.swift */; };
		28F250FE28AE94F3001802F6 /* SceneDelegate.swift in Sources */ = {isa = PBXBuildFile; fileRef = 28F250FD28AE94F3001802F6 /* SceneDelegate.swift */; };
		28F2510028AE94F3001802F6 /* DetailContacsViewController.swift in Sources */ = {isa = PBXBuildFile; fileRef = 28F250FF28AE94F3001802F6 /* DetailContacsViewController.swift */; };
		28F2510528AE94F8001802F6 /* Assets.xcassets in Resources */ = {isa = PBXBuildFile; fileRef = 28F2510428AE94F8001802F6 /* Assets.xcassets */; };
		28F2510828AE94F8001802F6 /* LaunchScreen.storyboard in Resources */ = {isa = PBXBuildFile; fileRef = 28F2510628AE94F8001802F6 /* LaunchScreen.storyboard */; };
		28F2511028AE951B001802F6 /* RandomUser.swift in Sources */ = {isa = PBXBuildFile; fileRef = 28F2510F28AE951B001802F6 /* RandomUser.swift */; };
		28F2511728AF9CA9001802F6 /* NetworkManager.swift in Sources */ = {isa = PBXBuildFile; fileRef = 28F2511628AF9CA9001802F6 /* NetworkManager.swift */; };
		C55284F81CDABE2D91F70477 /* Pods_ContactListApp.framework in Frameworks */ = {isa = PBXBuildFile; fileRef = C22762C1830B73ADFAF13370 /* Pods_ContactListApp.framework */; };
/* End PBXBuildFile section */

/* Begin PBXFileReference section */
		17341D23CE85D0A144B73003 /* Pods-ContactListApp.release.xcconfig */ = {isa = PBXFileReference; includeInIndex = 1; lastKnownFileType = text.xcconfig; name = "Pods-ContactListApp.release.xcconfig"; path = "Target Support Files/Pods-ContactListApp/Pods-ContactListApp.release.xcconfig"; sourceTree = "<group>"; };
		28B4DB5128AFCBF600EB895C /* ContactListViewController.swift */ = {isa = PBXFileReference; lastKnownFileType = sourcecode.swift; path = ContactListViewController.swift; sourceTree = "<group>"; };
		28B4DB5428AFD45E00EB895C /* Base */ = {isa = PBXFileReference; lastKnownFileType = file.storyboard; name = Base; path = ../../../../Downloads/HW/ContactList/ContactList/Storyboards/Base.lproj/Main.storyboard; sourceTree = "<group>"; };
		28F250F828AE94F3001802F6 /* ContactListApp.app */ = {isa = PBXFileReference; explicitFileType = wrapper.application; includeInIndex = 0; path = ContactListApp.app; sourceTree = BUILT_PRODUCTS_DIR; };
		28F250FB28AE94F3001802F6 /* AppDelegate.swift */ = {isa = PBXFileReference; lastKnownFileType = sourcecode.swift; path = AppDelegate.swift; sourceTree = "<group>"; };
		28F250FD28AE94F3001802F6 /* SceneDelegate.swift */ = {isa = PBXFileReference; lastKnownFileType = sourcecode.swift; path = SceneDelegate.swift; sourceTree = "<group>"; };
		28F250FF28AE94F3001802F6 /* DetailContacsViewController.swift */ = {isa = PBXFileReference; lastKnownFileType = sourcecode.swift; path = DetailContacsViewController.swift; sourceTree = "<group>"; };
		28F2510428AE94F8001802F6 /* Assets.xcassets */ = {isa = PBXFileReference; lastKnownFileType = folder.assetcatalog; path = Assets.xcassets; sourceTree = "<group>"; };
		28F2510728AE94F8001802F6 /* Base */ = {isa = PBXFileReference; lastKnownFileType = file.storyboard; name = Base; path = Base.lproj/LaunchScreen.storyboard; sourceTree = "<group>"; };
		28F2510928AE94F8001802F6 /* Info.plist */ = {isa = PBXFileReference; lastKnownFileType = text.plist.xml; path = Info.plist; sourceTree = "<group>"; };
		28F2510F28AE951B001802F6 /* RandomUser.swift */ = {isa = PBXFileReference; lastKnownFileType = sourcecode.swift; path = RandomUser.swift; sourceTree = "<group>"; };
		28F2511628AF9CA9001802F6 /* NetworkManager.swift */ = {isa = PBXFileReference; lastKnownFileType = sourcecode.swift; path = NetworkManager.swift; sourceTree = "<group>"; };
		C22762C1830B73ADFAF13370 /* Pods_ContactListApp.framework */ = {isa = PBXFileReference; explicitFileType = wrapper.framework; includeInIndex = 0; path = Pods_ContactListApp.framework; sourceTree = BUILT_PRODUCTS_DIR; };
		EC5EAB9034085BE30246D9D8 /* Pods-ContactListApp.debug.xcconfig */ = {isa = PBXFileReference; includeInIndex = 1; lastKnownFileType = text.xcconfig; name = "Pods-ContactListApp.debug.xcconfig"; path = "Target Support Files/Pods-ContactListApp/Pods-ContactListApp.debug.xcconfig"; sourceTree = "<group>"; };
/* End PBXFileReference section */

/* Begin PBXFrameworksBuildPhase section */
		28F250F528AE94F3001802F6 /* Frameworks */ = {
			isa = PBXFrameworksBuildPhase;
			buildActionMask = 2147483647;
			files = (
				C55284F81CDABE2D91F70477 /* Pods_ContactListApp.framework in Frameworks */,
			);
			runOnlyForDeploymentPostprocessing = 0;
		};
/* End PBXFrameworksBuildPhase section */

/* Begin PBXGroup section */
		28F250EF28AE94F3001802F6 = {
			isa = PBXGroup;
			children = (
				28F250FA28AE94F3001802F6 /* ContactListApp */,
				28F250F928AE94F3001802F6 /* Products */,
				5662199EC25CB9801075FC49 /* Pods */,
				9B61F36087CCB0910A7FA678 /* Frameworks */,
			);
			sourceTree = "<group>";
		};
		28F250F928AE94F3001802F6 /* Products */ = {
			isa = PBXGroup;
			children = (
				28F250F828AE94F3001802F6 /* ContactListApp.app */,
			);
			name = Products;
			sourceTree = "<group>";
		};
		28F250FA28AE94F3001802F6 /* ContactListApp */ = {
			isa = PBXGroup;
			children = (
				28F2511828AF9CBB001802F6 /* Services */,
				28F2511228AF9BB4001802F6 /* App */,
				28F2511428AF9BD1001802F6 /* ViewControllers */,
				28F2511328AF9BC2001802F6 /* Storyboards */,
				28F2511528AF9C64001802F6 /* Source */,
				28F2511128AF9AF5001802F6 /* Models */,
			);
			path = ContactListApp;
			sourceTree = "<group>";
		};
		28F2511128AF9AF5001802F6 /* Models */ = {
			isa = PBXGroup;
			children = (
				28F2510F28AE951B001802F6 /* RandomUser.swift */,
			);
			path = Models;
			sourceTree = "<group>";
		};
		28F2511228AF9BB4001802F6 /* App */ = {
			isa = PBXGroup;
			children = (
				28F250FB28AE94F3001802F6 /* AppDelegate.swift */,
				28F250FD28AE94F3001802F6 /* SceneDelegate.swift */,
				28F2510928AE94F8001802F6 /* Info.plist */,
			);
			path = App;
			sourceTree = "<group>";
		};
		28F2511328AF9BC2001802F6 /* Storyboards */ = {
			isa = PBXGroup;
			children = (
				28B4DB5328AFD45E00EB895C /* Main.storyboard */,
				28F2510628AE94F8001802F6 /* LaunchScreen.storyboard */,
			);
			path = Storyboards;
			sourceTree = "<group>";
		};
		28F2511428AF9BD1001802F6 /* ViewControllers */ = {
			isa = PBXGroup;
			children = (
				28F250FF28AE94F3001802F6 /* DetailContacsViewController.swift */,
				28B4DB5128AFCBF600EB895C /* ContactListViewController.swift */,
			);
			path = ViewControllers;
			sourceTree = "<group>";
		};
		28F2511528AF9C64001802F6 /* Source */ = {
			isa = PBXGroup;
			children = (
				28F2510428AE94F8001802F6 /* Assets.xcassets */,
			);
			path = Source;
			sourceTree = "<group>";
		};
		28F2511828AF9CBB001802F6 /* Services */ = {
			isa = PBXGroup;
			children = (
				28F2511628AF9CA9001802F6 /* NetworkManager.swift */,
			);
			path = Services;
			sourceTree = "<group>";
		};
		5662199EC25CB9801075FC49 /* Pods */ = {
			isa = PBXGroup;
			children = (
				EC5EAB9034085BE30246D9D8 /* Pods-ContactListApp.debug.xcconfig */,
				17341D23CE85D0A144B73003 /* Pods-ContactListApp.release.xcconfig */,
			);
			path = Pods;
			sourceTree = "<group>";
		};
		9B61F36087CCB0910A7FA678 /* Frameworks */ = {
			isa = PBXGroup;
			children = (
				C22762C1830B73ADFAF13370 /* Pods_ContactListApp.framework */,
			);
			name = Frameworks;
			sourceTree = "<group>";
		};
/* End PBXGroup section */

/* Begin PBXNativeTarget section */
		28F250F728AE94F3001802F6 /* ContactListApp */ = {
			isa = PBXNativeTarget;
			buildConfigurationList = 28F2510C28AE94F8001802F6 /* Build configuration list for PBXNativeTarget "ContactListApp" */;
			buildPhases = (
				DCF7463E2C38CC3B1373E6B1 /* [CP] Check Pods Manifest.lock */,
				28F250F428AE94F3001802F6 /* Sources */,
				28F250F528AE94F3001802F6 /* Frameworks */,
				28F250F628AE94F3001802F6 /* Resources */,
				0B6F32E45AB3F622D7AA199C /* [CP] Embed Pods Frameworks */,
			);
			buildRules = (
			);
			dependencies = (
			);
			name = ContactListApp;
			productName = ContactListApp;
			productReference = 28F250F828AE94F3001802F6 /* ContactListApp.app */;
			productType = "com.apple.product-type.application";
		};
/* End PBXNativeTarget section */

/* Begin PBXProject section */
		28F250F028AE94F3001802F6 /* Project object */ = {
			isa = PBXProject;
			attributes = {
				BuildIndependentTargetsInParallel = 1;
				LastSwiftUpdateCheck = 1340;
				LastUpgradeCheck = 1340;
				TargetAttributes = {
					28F250F728AE94F3001802F6 = {
						CreatedOnToolsVersion = 13.4.1;
					};
				};
			};
			buildConfigurationList = 28F250F328AE94F3001802F6 /* Build configuration list for PBXProject "ContactListApp" */;
			compatibilityVersion = "Xcode 13.0";
			developmentRegion = en;
			hasScannedForEncodings = 0;
			knownRegions = (
				en,
				Base,
			);
			mainGroup = 28F250EF28AE94F3001802F6;
			productRefGroup = 28F250F928AE94F3001802F6 /* Products */;
			projectDirPath = "";
			projectRoot = "";
			targets = (
				28F250F728AE94F3001802F6 /* ContactListApp */,
			);
		};
/* End PBXProject section */

/* Begin PBXResourcesBuildPhase section */
		28F250F628AE94F3001802F6 /* Resources */ = {
			isa = PBXResourcesBuildPhase;
			buildActionMask = 2147483647;
			files = (
				28B4DB5528AFD45E00EB895C /* Main.storyboard in Resources */,
				28F2510828AE94F8001802F6 /* LaunchScreen.storyboard in Resources */,
				28F2510528AE94F8001802F6 /* Assets.xcassets in Resources */,
			);
			runOnlyForDeploymentPostprocessing = 0;
		};
/* End PBXResourcesBuildPhase section */

/* Begin PBXShellScriptBuildPhase section */
		0B6F32E45AB3F622D7AA199C /* [CP] Embed Pods Frameworks */ = {
			isa = PBXShellScriptBuildPhase;
			buildActionMask = 2147483647;
			files = (
			);
			inputFileListPaths = (
				"${PODS_ROOT}/Target Support Files/Pods-ContactListApp/Pods-ContactListApp-frameworks-${CONFIGURATION}-input-files.xcfilelist",
			);
			name = "[CP] Embed Pods Frameworks";
			outputFileListPaths = (
				"${PODS_ROOT}/Target Support Files/Pods-ContactListApp/Pods-ContactListApp-frameworks-${CONFIGURATION}-output-files.xcfilelist",
			);
			runOnlyForDeploymentPostprocessing = 0;
			shellPath = /bin/sh;
			shellScript = "\"${PODS_ROOT}/Target Support Files/Pods-ContactListApp/Pods-ContactListApp-frameworks.sh\"\n";
			showEnvVarsInLog = 0;
		};
		DCF7463E2C38CC3B1373E6B1 /* [CP] Check Pods Manifest.lock */ = {
			isa = PBXShellScriptBuildPhase;
			buildActionMask = 2147483647;
			files = (
			);
			inputFileListPaths = (
			);
			inputPaths = (
				"${PODS_PODFILE_DIR_PATH}/Podfile.lock",
				"${PODS_ROOT}/Manifest.lock",
			);
			name = "[CP] Check Pods Manifest.lock";
			outputFileListPaths = (
			);
			outputPaths = (
				"$(DERIVED_FILE_DIR)/Pods-ContactListApp-checkManifestLockResult.txt",
			);
			runOnlyForDeploymentPostprocessing = 0;
			shellPath = /bin/sh;
			shellScript = "diff \"${PODS_PODFILE_DIR_PATH}/Podfile.lock\" \"${PODS_ROOT}/Manifest.lock\" > /dev/null\nif [ $? != 0 ] ; then\n    # print error to STDERR\n    echo \"error: The sandbox is not in sync with the Podfile.lock. Run 'pod install' or update your CocoaPods installation.\" >&2\n    exit 1\nfi\n# This output is used by Xcode 'outputs' to avoid re-running this script phase.\necho \"SUCCESS\" > \"${SCRIPT_OUTPUT_FILE_0}\"\n";
			showEnvVarsInLog = 0;
		};
/* End PBXShellScriptBuildPhase section */

/* Begin PBXSourcesBuildPhase section */
		28F250F428AE94F3001802F6 /* Sources */ = {
			isa = PBXSourcesBuildPhase;
			buildActionMask = 2147483647;
			files = (
				28F2511028AE951B001802F6 /* RandomUser.swift in Sources */,
				28F2510028AE94F3001802F6 /* DetailContacsViewController.swift in Sources */,
				28F2511728AF9CA9001802F6 /* NetworkManager.swift in Sources */,
				28F250FC28AE94F3001802F6 /* AppDelegate.swift in Sources */,
				28F250FE28AE94F3001802F6 /* SceneDelegate.swift in Sources */,
				28B4DB5228AFCBF600EB895C /* ContactListViewController.swift in Sources */,
			);
			runOnlyForDeploymentPostprocessing = 0;
		};
/* End PBXSourcesBuildPhase section */

/* Begin PBXVariantGroup section */
		28B4DB5328AFD45E00EB895C /* Main.storyboard */ = {
			isa = PBXVariantGroup;
			children = (
				28B4DB5428AFD45E00EB895C /* Base */,
			);
			name = Main.storyboard;
			sourceTree = "<group>";
		};
		28F2510628AE94F8001802F6 /* LaunchScreen.storyboard */ = {
			isa = PBXVariantGroup;
			children = (
				28F2510728AE94F8001802F6 /* Base */,
			);
			name = LaunchScreen.storyboard;
			sourceTree = "<group>";
		};
/* End PBXVariantGroup section */

/* Begin XCBuildConfiguration section */
		28F2510A28AE94F8001802F6 /* Debug */ = {
			isa = XCBuildConfiguration;
			buildSettings = {
				ALWAYS_SEARCH_USER_PATHS = NO;
				CLANG_ANALYZER_NONNULL = YES;
				CLANG_ANALYZER_NUMBER_OBJECT_CONVERSION = YES_AGGRESSIVE;
				CLANG_CXX_LANGUAGE_STANDARD = "gnu++17";
				CLANG_ENABLE_MODULES = YES;
				CLANG_ENABLE_OBJC_ARC = YES;
				CLANG_ENABLE_OBJC_WEAK = YES;
				CLANG_WARN_BLOCK_CAPTURE_AUTORELEASING = YES;
				CLANG_WARN_BOOL_CONVERSION = YES;
				CLANG_WARN_COMMA = YES;
				CLANG_WARN_CONSTANT_CONVERSION = YES;
				CLANG_WARN_DEPRECATED_OBJC_IMPLEMENTATIONS = YES;
				CLANG_WARN_DIRECT_OBJC_ISA_USAGE = YES_ERROR;
				CLANG_WARN_DOCUMENTATION_COMMENTS = YES;
				CLANG_WARN_EMPTY_BODY = YES;
				CLANG_WARN_ENUM_CONVERSION = YES;
				CLANG_WARN_INFINITE_RECURSION = YES;
				CLANG_WARN_INT_CONVERSION = YES;
				CLANG_WARN_NON_LITERAL_NULL_CONVERSION = YES;
				CLANG_WARN_OBJC_IMPLICIT_RETAIN_SELF = YES;
				CLANG_WARN_OBJC_LITERAL_CONVERSION = YES;
				CLANG_WARN_OBJC_ROOT_CLASS = YES_ERROR;
				CLANG_WARN_QUOTED_INCLUDE_IN_FRAMEWORK_HEADER = YES;
				CLANG_WARN_RANGE_LOOP_ANALYSIS = YES;
				CLANG_WARN_STRICT_PROTOTYPES = YES;
				CLANG_WARN_SUSPICIOUS_MOVE = YES;
				CLANG_WARN_UNGUARDED_AVAILABILITY = YES_AGGRESSIVE;
				CLANG_WARN_UNREACHABLE_CODE = YES;
				CLANG_WARN__DUPLICATE_METHOD_MATCH = YES;
				COPY_PHASE_STRIP = NO;
				DEBUG_INFORMATION_FORMAT = dwarf;
				ENABLE_STRICT_OBJC_MSGSEND = YES;
				ENABLE_TESTABILITY = YES;
				GCC_C_LANGUAGE_STANDARD = gnu11;
				GCC_DYNAMIC_NO_PIC = NO;
				GCC_NO_COMMON_BLOCKS = YES;
				GCC_OPTIMIZATION_LEVEL = 0;
				GCC_PREPROCESSOR_DEFINITIONS = (
					"DEBUG=1",
					"$(inherited)",
				);
				GCC_WARN_64_TO_32_BIT_CONVERSION = YES;
				GCC_WARN_ABOUT_RETURN_TYPE = YES_ERROR;
				GCC_WARN_UNDECLARED_SELECTOR = YES;
				GCC_WARN_UNINITIALIZED_AUTOS = YES_AGGRESSIVE;
				GCC_WARN_UNUSED_FUNCTION = YES;
				GCC_WARN_UNUSED_VARIABLE = YES;
				IPHONEOS_DEPLOYMENT_TARGET = 15.5;
				MTL_ENABLE_DEBUG_INFO = INCLUDE_SOURCE;
				MTL_FAST_MATH = YES;
				ONLY_ACTIVE_ARCH = YES;
				SDKROOT = iphoneos;
				SWIFT_ACTIVE_COMPILATION_CONDITIONS = DEBUG;
				SWIFT_OPTIMIZATION_LEVEL = "-Onone";
			};
			name = Debug;
		};
		28F2510B28AE94F8001802F6 /* Release */ = {
			isa = XCBuildConfiguration;
			buildSettings = {
				ALWAYS_SEARCH_USER_PATHS = NO;
				CLANG_ANALYZER_NONNULL = YES;
				CLANG_ANALYZER_NUMBER_OBJECT_CONVERSION = YES_AGGRESSIVE;
				CLANG_CXX_LANGUAGE_STANDARD = "gnu++17";
				CLANG_ENABLE_MODULES = YES;
				CLANG_ENABLE_OBJC_ARC = YES;
				CLANG_ENABLE_OBJC_WEAK = YES;
				CLANG_WARN_BLOCK_CAPTURE_AUTORELEASING = YES;
				CLANG_WARN_BOOL_CONVERSION = YES;
				CLANG_WARN_COMMA = YES;
				CLANG_WARN_CONSTANT_CONVERSION = YES;
				CLANG_WARN_DEPRECATED_OBJC_IMPLEMENTATIONS = YES;
				CLANG_WARN_DIRECT_OBJC_ISA_USAGE = YES_ERROR;
				CLANG_WARN_DOCUMENTATION_COMMENTS = YES;
				CLANG_WARN_EMPTY_BODY = YES;
				CLANG_WARN_ENUM_CONVERSION = YES;
				CLANG_WARN_INFINITE_RECURSION = YES;
				CLANG_WARN_INT_CONVERSION = YES;
				CLANG_WARN_NON_LITERAL_NULL_CONVERSION = YES;
				CLANG_WARN_OBJC_IMPLICIT_RETAIN_SELF = YES;
				CLANG_WARN_OBJC_LITERAL_CONVERSION = YES;
				CLANG_WARN_OBJC_ROOT_CLASS = YES_ERROR;
				CLANG_WARN_QUOTED_INCLUDE_IN_FRAMEWORK_HEADER = YES;
				CLANG_WARN_RANGE_LOOP_ANALYSIS = YES;
				CLANG_WARN_STRICT_PROTOTYPES = YES;
				CLANG_WARN_SUSPICIOUS_MOVE = YES;
				CLANG_WARN_UNGUARDED_AVAILABILITY = YES_AGGRESSIVE;
				CLANG_WARN_UNREACHABLE_CODE = YES;
				CLANG_WARN__DUPLICATE_METHOD_MATCH = YES;
				COPY_PHASE_STRIP = NO;
				DEBUG_INFORMATION_FORMAT = "dwarf-with-dsym";
				ENABLE_NS_ASSERTIONS = NO;
				ENABLE_STRICT_OBJC_MSGSEND = YES;
				GCC_C_LANGUAGE_STANDARD = gnu11;
				GCC_NO_COMMON_BLOCKS = YES;
				GCC_WARN_64_TO_32_BIT_CONVERSION = YES;
				GCC_WARN_ABOUT_RETURN_TYPE = YES_ERROR;
				GCC_WARN_UNDECLARED_SELECTOR = YES;
				GCC_WARN_UNINITIALIZED_AUTOS = YES_AGGRESSIVE;
				GCC_WARN_UNUSED_FUNCTION = YES;
				GCC_WARN_UNUSED_VARIABLE = YES;
				IPHONEOS_DEPLOYMENT_TARGET = 15.5;
				MTL_ENABLE_DEBUG_INFO = NO;
				MTL_FAST_MATH = YES;
				SDKROOT = iphoneos;
				SWIFT_COMPILATION_MODE = wholemodule;
				SWIFT_OPTIMIZATION_LEVEL = "-O";
				VALIDATE_PRODUCT = YES;
			};
			name = Release;
		};
		28F2510D28AE94F8001802F6 /* Debug */ = {
			isa = XCBuildConfiguration;
			baseConfigurationReference = EC5EAB9034085BE30246D9D8 /* Pods-ContactListApp.debug.xcconfig */;
			buildSettings = {
				ASSETCATALOG_COMPILER_APPICON_NAME = AppIcon;
				ASSETCATALOG_COMPILER_GLOBAL_ACCENT_COLOR_NAME = AccentColor;
				CODE_SIGN_STYLE = Automatic;
				CURRENT_PROJECT_VERSION = 1;
				DEVELOPMENT_TEAM = Y39DR36W5X;
				GENERATE_INFOPLIST_FILE = YES;
				INFOPLIST_FILE = ContactListApp/App/Info.plist;
				INFOPLIST_KEY_UIApplicationSupportsIndirectInputEvents = YES;
				INFOPLIST_KEY_UILaunchStoryboardName = LaunchScreen;
				INFOPLIST_KEY_UIMainStoryboardFile = Main;
				INFOPLIST_KEY_UISupportedInterfaceOrientations = UIInterfaceOrientationPortrait;
				INFOPLIST_KEY_UISupportedInterfaceOrientations_iPad = "UIInterfaceOrientationPortrait UIInterfaceOrientationPortraitUpsideDown UIInterfaceOrientationLandscapeLeft UIInterfaceOrientationLandscapeRight";
				INFOPLIST_KEY_UISupportedInterfaceOrientations_iPhone = "UIInterfaceOrientationPortrait UIInterfaceOrientationLandscapeLeft UIInterfaceOrientationLandscapeRight";
				LD_RUNPATH_SEARCH_PATHS = (
					"$(inherited)",
					"@executable_path/Frameworks",
				);
				MARKETING_VERSION = 1.0;
				PRODUCT_BUNDLE_IDENTIFIER = AleksandrMatukin.ContactListApp;
				PRODUCT_NAME = "$(TARGET_NAME)";
				SWIFT_EMIT_LOC_STRINGS = YES;
				SWIFT_VERSION = 5.0;
				TARGETED_DEVICE_FAMILY = 1;
			};
			name = Debug;
		};
		28F2510E28AE94F8001802F6 /* Release */ = {
			isa = XCBuildConfiguration;
			baseConfigurationReference = 17341D23CE85D0A144B73003 /* Pods-ContactListApp.release.xcconfig */;
			buildSettings = {
				ASSETCATALOG_COMPILER_APPICON_NAME = AppIcon;
				ASSETCATALOG_COMPILER_GLOBAL_ACCENT_COLOR_NAME = AccentColor;
				CODE_SIGN_STYLE = Automatic;
				CURRENT_PROJECT_VERSION = 1;
				DEVELOPMENT_TEAM = Y39DR36W5X;
				GENERATE_INFOPLIST_FILE = YES;
				INFOPLIST_FILE = ContactListApp/App/Info.plist;
				INFOPLIST_KEY_UIApplicationSupportsIndirectInputEvents = YES;
				INFOPLIST_KEY_UILaunchStoryboardName = LaunchScreen;
				INFOPLIST_KEY_UIMainStoryboardFile = Main;
				INFOPLIST_KEY_UISupportedInterfaceOrientations = UIInterfaceOrientationPortrait;
				INFOPLIST_KEY_UISupportedInterfaceOrientations_iPad = "UIInterfaceOrientationPortrait UIInterfaceOrientationPortraitUpsideDown UIInterfaceOrientationLandscapeLeft UIInterfaceOrientationLandscapeRight";
				INFOPLIST_KEY_UISupportedInterfaceOrientations_iPhone = "UIInterfaceOrientationPortrait UIInterfaceOrientationLandscapeLeft UIInterfaceOrientationLandscapeRight";
				LD_RUNPATH_SEARCH_PATHS = (
					"$(inherited)",
					"@executable_path/Frameworks",
				);
				MARKETING_VERSION = 1.0;
				PRODUCT_BUNDLE_IDENTIFIER = AleksandrMatukin.ContactListApp;
				PRODUCT_NAME = "$(TARGET_NAME)";
				SWIFT_EMIT_LOC_STRINGS = YES;
				SWIFT_VERSION = 5.0;
				TARGETED_DEVICE_FAMILY = 1;
			};
			name = Release;
		};
/* End XCBuildConfiguration section */

/* Begin XCConfigurationList section */
		28F250F328AE94F3001802F6 /* Build configuration list for PBXProject "ContactListApp" */ = {
			isa = XCConfigurationList;
			buildConfigurations = (
				28F2510A28AE94F8001802F6 /* Debug */,
				28F2510B28AE94F8001802F6 /* Release */,
			);
			defaultConfigurationIsVisible = 0;
			defaultConfigurationName = Release;
		};
		28F2510C28AE94F8001802F6 /* Build configuration list for PBXNativeTarget "ContactListApp" */ = {
			isa = XCConfigurationList;
			buildConfigurations = (
				28F2510D28AE94F8001802F6 /* Debug */,
				28F2510E28AE94F8001802F6 /* Release */,
			);
			defaultConfigurationIsVisible = 0;
			defaultConfigurationName = Release;
		};
/* End XCConfigurationList section */
	};
	rootObject = 28F250F028AE94F3001802F6 /* Project object */;
}
